
Microsoft Visual Studio Solution File, Format Version 12.00
# Visual Studio Version 16
VisualStudioVersion = 16.0.31005.135
MinimumVisualStudioVersion = 10.0.40219.1
Project("{FAE04EC0-301F-11D3-BF4B-00C04F79EFBC}") = "CadastroVeiculos", "CadastroVeiculos\CadastroVeiculos.csproj", "{17A81EB3-3A46-4269-BD0A-0A936CEBD3F2}"
EndProject
Global
	GlobalSection(SolutionConfigurationPlatforms) = preSolution
		Debug|Any CPU = Debug|Any CPU
		Release|Any CPU = Release|Any CPU
	EndGlobalSection
	GlobalSection(ProjectConfigurationPlatforms) = postSolution
		{17A81EB3-3A46-4269-BD0A-0A936CEBD3F2}.Debug|Any CPU.ActiveCfg = Debug|Any CPU
		{17A81EB3-3A46-4269-BD0A-0A936CEBD3F2}.Debug|Any CPU.Build.0 = Debug|Any CPU
		{17A81EB3-3A46-4269-BD0A-0A936CEBD3F2}.Release|Any CPU.ActiveCfg = Release|Any CPU
		{17A81EB3-3A46-4269-BD0A-0A936CEBD3F2}.Release|Any CPU.Build.0 = Release|Any CPU
	EndGlobalSection
	GlobalSection(SolutionProperties) = preSolution
		HideSolutionNode = FALSE
	EndGlobalSection
	GlobalSection(ExtensibilityGlobals) = postSolution
		SolutionGuid = {C883E719-04A9-4B1B-A1B0-B1C4D002804A}
	EndGlobalSection
EndGlobal
