
Microsoft Visual Studio Solution File, Format Version 12.00
# Visual Studio Version 16
VisualStudioVersion = 16.0.31005.135
MinimumVisualStudioVersion = 10.0.40219.1
Project("{FAE04EC0-301F-11D3-BF4B-00C04F79EFBC}") = "EdPilhaLivros", "EdPilhaLivros\EdPilhaLivros.csproj", "{85CED146-4888-4C4A-8787-EE39C8B1A6A2}"
EndProject
Global
	GlobalSection(SolutionConfigurationPlatforms) = preSolution
		Debug|Any CPU = Debug|Any CPU
		Release|Any CPU = Release|Any CPU
	EndGlobalSection
	GlobalSection(ProjectConfigurationPlatforms) = postSolution
		{85CED146-4888-4C4A-8787-EE39C8B1A6A2}.Debug|Any CPU.ActiveCfg = Debug|Any CPU
		{85CED146-4888-4C4A-8787-EE39C8B1A6A2}.Debug|Any CPU.Build.0 = Debug|Any CPU
		{85CED146-4888-4C4A-8787-EE39C8B1A6A2}.Release|Any CPU.ActiveCfg = Release|Any CPU
		{85CED146-4888-4C4A-8787-EE39C8B1A6A2}.Release|Any CPU.Build.0 = Release|Any CPU
	EndGlobalSection
	GlobalSection(SolutionProperties) = preSolution
		HideSolutionNode = FALSE
	EndGlobalSection
	GlobalSection(ExtensibilityGlobals) = postSolution
		SolutionGuid = {51D91075-EE68-4C93-B43A-A4569BE9A74D}
	EndGlobalSection
EndGlobal
