
Microsoft Visual Studio Solution File, Format Version 12.00
# Visual Studio Version 16
VisualStudioVersion = 16.0.31005.135
MinimumVisualStudioVersion = 10.0.40219.1
Project("{FAE04EC0-301F-11D3-BF4B-00C04F79EFBC}") = "EDFilaEnc", "EDFilaEnc\EDFilaEnc.csproj", "{FBE3F4CD-44D4-47BB-900E-5E2544FB129A}"
EndProject
Global
	GlobalSection(SolutionConfigurationPlatforms) = preSolution
		Debug|Any CPU = Debug|Any CPU
		Release|Any CPU = Release|Any CPU
	EndGlobalSection
	GlobalSection(ProjectConfigurationPlatforms) = postSolution
		{FBE3F4CD-44D4-47BB-900E-5E2544FB129A}.Debug|Any CPU.ActiveCfg = Debug|Any CPU
		{FBE3F4CD-44D4-47BB-900E-5E2544FB129A}.Debug|Any CPU.Build.0 = Debug|Any CPU
		{FBE3F4CD-44D4-47BB-900E-5E2544FB129A}.Release|Any CPU.ActiveCfg = Release|Any CPU
		{FBE3F4CD-44D4-47BB-900E-5E2544FB129A}.Release|Any CPU.Build.0 = Release|Any CPU
	EndGlobalSection
	GlobalSection(SolutionProperties) = preSolution
		HideSolutionNode = FALSE
	EndGlobalSection
	GlobalSection(ExtensibilityGlobals) = postSolution
		SolutionGuid = {6453A8DE-6F02-42D8-9C33-D56210DBCED5}
	EndGlobalSection
EndGlobal
